
Microsoft Visual Studio Solution File, Format Version 12.00
# Visual Studio Version 17
VisualStudioVersion = 17.8.34511.84
MinimumVisualStudioVersion = 10.0.40219.1
Project("{FAE04EC0-301F-11D3-BF4B-00C04F79EFBC}") = "GuessTheNumber", "GuessTheNumber.csproj", "{F6DFBD6A-DEEF-4A3F-8748-B17FC1AF14F5}"
EndProject
Global
	GlobalSection(SolutionConfigurationPlatforms) = preSolution
		Debug|Any CPU = Debug|Any CPU
		Release|Any CPU = Release|Any CPU
	EndGlobalSection
	GlobalSection(ProjectConfigurationPlatforms) = postSolution
		{F6DFBD6A-DEEF-4A3F-8748-B17FC1AF14F5}.Debug|Any CPU.ActiveCfg = Debug|Any CPU
		{F6DFBD6A-DEEF-4A3F-8748-B17FC1AF14F5}.Debug|Any CPU.Build.0 = Debug|Any CPU
		{F6DFBD6A-DEEF-4A3F-8748-B17FC1AF14F5}.Debug|Any CPU.Deploy.0 = Debug|Any CPU
		{F6DFBD6A-DEEF-4A3F-8748-B17FC1AF14F5}.Release|Any CPU.ActiveCfg = Release|Any CPU
		{F6DFBD6A-DEEF-4A3F-8748-B17FC1AF14F5}.Release|Any CPU.Build.0 = Release|Any CPU
		{F6DFBD6A-DEEF-4A3F-8748-B17FC1AF14F5}.Release|Any CPU.Deploy.0 = Release|Any CPU
	EndGlobalSection
	GlobalSection(SolutionProperties) = preSolution
		HideSolutionNode = FALSE
	EndGlobalSection
	GlobalSection(ExtensibilityGlobals) = postSolution
		SolutionGuid = {8226FCA7-CCF3-4E34-931A-64222B3A8D1C}
	EndGlobalSection
EndGlobal
